<?xml version="1.0" encoding="utf-8"?>
<Project ToolsVersion="4.0" xmlns="http://schemas.microsoft.com/developer/msbuild/2003">
  <ItemGroup>
    <Filter Include="源文件">
      <UniqueIdentifier>{4FC737F1-C7A5-4376-A066-2A32D752A2FF}</UniqueIdentifier>
      <Extensions>cpp;c;cc;cxx;c++;cppm;ixx;def;odl;idl;hpj;bat;asm;asmx</Extensions>
    </Filter>
    <Filter Include="头文件">
      <UniqueIdentifier>{93995380-89BD-4b04-88EB-625FBE52EBFB}</UniqueIdentifier>
      <Extensions>h;hh;hpp;hxx;h++;hm;inl;inc;ipp;xsd</Extensions>
    </Filter>
    <Filter Include="资源文件">
      <UniqueIdentifier>{67DA6AB6-F800-4c08-8B7A-83BB121AAD01}</UniqueIdentifier>
      <Extensions>rc;ico;cur;bmp;dlg;rc2;rct;bin;rgs;gif;jpg;jpeg;jpe;resx;tiff;tif;png;wav;mfcribbon-ms</Extensions>
    </Filter>
    <Filter Include="tools">
      <UniqueIdentifier>{8c305c56-4959-4827-9736-3c111f5d348a}</UniqueIdentifier>
    </Filter>
    <Filter Include="objects">
      <UniqueIdentifier>{d92f9236-b475-448c-a01e-11e2548d5012}</UniqueIdentifier>
    </Filter>
    <Filter Include="system">
      <UniqueIdentifier>{95b8bcbc-8672-491e-a36b-9e7abeccdad1}</UniqueIdentifier>
    </Filter>
    <Filter Include="shaders">
      <UniqueIdentifier>{df5ee7d7-f7be-4690-8cba-9e5f925d420d}</UniqueIdentifier>
    </Filter>
    <Filter Include="textures">
      <UniqueIdentifier>{21a1d650-748a-4602-aaee-5a1171d5eb26}</UniqueIdentifier>
    </Filter>
    <Filter Include="postprocess">
      <UniqueIdentifier>{e5899a6b-be4d-465c-b5d9-8e6153df0bf1}</UniqueIdentifier>
    </Filter>
    <Filter Include="drawable">
      <UniqueIdentifier>{4a13c904-5e72-4fc6-b972-68ec0bc102d2}</UniqueIdentifier>
    </Filter>
  </ItemGroup>
  <ItemGroup>
    <ClCompile Include="main.cpp">
      <Filter>源文件</Filter>
    </ClCompile>
    <ClCompile Include="tools\glad.c">
      <Filter>tools</Filter>
    </ClCompile>
    <ClCompile Include="tools\Maths.cpp">
      <Filter>tools</Filter>
    </ClCompile>
    <ClCompile Include="tools\Utility.cpp">
      <Filter>tools</Filter>
    </ClCompile>
    <ClCompile Include="objects\Mesh.cpp">
      <Filter>objects</Filter>
    </ClCompile>
    <ClCompile Include="system\PBRenderer.cpp">
      <Filter>system</Filter>
    </ClCompile>
    <ClCompile Include="system\Scene.cpp">
      <Filter>system</Filter>
    </ClCompile>
    <ClCompile Include="objects\Geometry.cpp">
      <Filter>objects</Filter>
    </ClCompile>
    <ClCompile Include="system\Window.cpp">
      <Filter>system</Filter>
    </ClCompile>
    <ClCompile Include="objects\MeshMgr.cpp">
      <Filter>objects</Filter>
    </ClCompile>
    <ClCompile Include="shaders\ShaderMgr.cpp">
      <Filter>shaders</Filter>
    </ClCompile>
    <ClCompile Include="textures\Texture.cpp">
      <Filter>textures</Filter>
    </ClCompile>
    <ClCompile Include="textures\TextureMgr.cpp">
      <Filter>textures</Filter>
    </ClCompile>
    <ClCompile Include="postprocess\IBLAuxiliary.cpp">
      <Filter>postprocess</Filter>
    </ClCompile>
    <ClCompile Include="objects\FrameBuffer.cpp">
      <Filter>objects</Filter>
    </ClCompile>
    <ClCompile Include="drawable\Drawable.cpp">
      <Filter>drawable</Filter>
    </ClCompile>
    <ClCompile Include="drawable\StaticModelDrawable.cpp">
      <Filter>drawable</Filter>
    </ClCompile>
  </ItemGroup>
  <ItemGroup>
    <ClInclude Include="tools\Camera.h">
      <Filter>tools</Filter>
    </ClInclude>
    <ClInclude Include="tools\Maths.h">
      <Filter>tools</Filter>
    </ClInclude>
    <ClInclude Include="tools\Shader.h">
      <Filter>tools</Filter>
    </ClInclude>
    <ClInclude Include="tools\stb_image.h">
      <Filter>tools</Filter>
    </ClInclude>
    <ClInclude Include="tools\stb_image_write.h">
      <Filter>tools</Filter>
    </ClInclude>
    <ClInclude Include="tools\Utility.h">
      <Filter>tools</Filter>
    </ClInclude>
    <ClInclude Include="objects\Mesh.h">
      <Filter>objects</Filter>
    </ClInclude>
    <ClInclude Include="system\PBRenderer.h">
      <Filter>system</Filter>
    </ClInclude>
    <ClInclude Include="system\Scene.h">
      <Filter>system</Filter>
    </ClInclude>
    <ClInclude Include="objects\Geometry.h">
      <Filter>objects</Filter>
    </ClInclude>
    <ClInclude Include="system\Window.h">
      <Filter>system</Filter>
    </ClInclude>
    <ClInclude Include="tools\Singleton.h">
      <Filter>tools</Filter>
    </ClInclude>
    <ClInclude Include="objects\MeshMgr.h">
      <Filter>objects</Filter>
    </ClInclude>
    <ClInclude Include="shaders\ShaderMgr.h">
      <Filter>shaders</Filter>
    </ClInclude>
    <ClInclude Include="textures\Texture.h">
      <Filter>textures</Filter>
    </ClInclude>
    <ClInclude Include="textures\TextureMgr.h">
      <Filter>textures</Filter>
    </ClInclude>
    <ClInclude Include="postprocess\IBLAuxiliary.h">
      <Filter>postprocess</Filter>
    </ClInclude>
    <ClInclude Include="objects\FrameBuffer.h">
      <Filter>objects</Filter>
    </ClInclude>
    <ClInclude Include="drawable\Drawable.h">
      <Filter>drawable</Filter>
    </ClInclude>
    <ClInclude Include="drawable\StaticModelDrawable.h">
      <Filter>drawable</Filter>
    </ClInclude>
  </ItemGroup>
  <ItemGroup>
    <None Include="shaders\pbr_vert.vs">
      <Filter>shaders</Filter>
    </None>
    <None Include="shaders\pbr_frag.fs">
      <Filter>shaders</Filter>
    </None>
    <None Include="shaders\hdrToCubemap_vert.vs">
      <Filter>shaders</Filter>
    </None>
    <None Include="shaders\hdrToCubemap_frag.fs">
      <Filter>shaders</Filter>
    </None>
    <None Include="shaders\skybox_vert.vs">
      <Filter>shaders</Filter>
    </None>
    <None Include="shaders\skybox_frag.fs">
      <Filter>shaders</Filter>
    </None>
    <None Include="shaders\irradiance_convolution_vert.vs">
      <Filter>shaders</Filter>
    </None>
    <None Include="shaders\irradiance_convolution_frag.fs">
      <Filter>shaders</Filter>
    </None>
    <None Include="shaders\prefilter_env_map_vert.vs">
      <Filter>shaders</Filter>
    </None>
    <None Include="shaders\prefilter_env_map_frag.fs">
      <Filter>shaders</Filter>
    </None>
    <None Include="shaders\precompute_brdfLut_vert.vs">
      <Filter>shaders</Filter>
    </None>
    <None Include="shaders\precompute_brdfLut_frag.fs">
      <Filter>shaders</Filter>
    </None>
    <None Include="shaders\debug_vert.vs">
      <Filter>shaders</Filter>
    </None>
    <None Include="shaders\debug_frag.fs">
      <Filter>shaders</Filter>
    </None>
    <None Include="shaders\diffuse_shader_vert.vs">
      <Filter>shaders</Filter>
    </None>
    <None Include="shaders\diffuse_shader_frag.fs">
      <Filter>shaders</Filter>
    </None>
  </ItemGroup>
</Project>